# THIS IS AN AUTOGENERATED FILE. DO NOT EDIT THIS FILE DIRECTLY.
# yarn lockfile v1


"@lezer/common@^0.15.0", "@lezer/common@^0.15.7":
  version "0.15.12"
  resolved "https://registry.yarnpkg.com/@lezer/common/-/common-0.15.12.tgz#2f21aec551dd5fd7d24eb069f90f54d5bc6ee5e9"
  integrity sha512-edfwCxNLnzq5pBA/yaIhwJ3U3Kz8VAUOTRg0hhxaizaI1N+qxV7EXDv/kLCkLeq2RzSFvxexlaj5Mzfn2kY0Ig==

"@lezer/lr@^0.15.4":
  version "0.15.8"
  resolved "https://registry.yarnpkg.com/@lezer/lr/-/lr-0.15.8.tgz#1564a911e62b0a0f75ca63794a6aa8c5dc63db21"
  integrity sha512-bM6oE6VQZ6hIFxDNKk8bKPa14hqFrV07J/vHGOeiAbJReIaQXmkVb6xQu4MR+JBTLa5arGRyAAjJe1qaQt3Uvg==
  dependencies:
    "@lezer/common" "^0.15.0"

"@lmdb/lmdb-darwin-arm64@2.5.2":
  version "2.5.2"
  resolved "https://registry.yarnpkg.com/@lmdb/lmdb-darwin-arm64/-/lmdb-darwin-arm64-2.5.2.tgz#bc66fa43286b5c082e8fee0eacc17995806b6fbe"
  integrity sha512-+F8ioQIUN68B4UFiIBYu0QQvgb9FmlKw2ctQMSBfW2QBrZIxz9vD9jCGqTCPqZBRbPHAS/vG1zSXnKqnS2ch/A==

"@lmdb/lmdb-darwin-x64@2.5.2":
  version "2.5.2"
  resolved "https://registry.yarnpkg.com/@lmdb/lmdb-darwin-x64/-/lmdb-darwin-x64-2.5.2.tgz#89d8390041bce6bab24a82a20392be22faf54ffc"
  integrity sha512-KvPH56KRLLx4KSfKBx0m1r7GGGUMXm0jrKmNE7plbHlesZMuPJICtn07HYgQhj1LNsK7Yqwuvnqh1QxhJnF1EA==

"@lmdb/lmdb-linux-arm64@2.5.2":
  version "2.5.2"
  resolved "https://registry.yarnpkg.com/@lmdb/lmdb-linux-arm64/-/lmdb-linux-arm64-2.5.2.tgz#14fe4c96c2bb1285f93797f45915fa35ee047268"
  integrity sha512-aLl89VHL/wjhievEOlPocoefUyWdvzVrcQ/MHQYZm2JfV1jUsrbr/ZfkPPUFvZBf+VSE+Q0clWs9l29PCX1hTQ==

"@lmdb/lmdb-linux-arm@2.5.2":
  version "2.5.2"
  resolved "https://registry.yarnpkg.com/@lmdb/lmdb-linux-arm/-/lmdb-linux-arm-2.5.2.tgz#05bde4573ab10cf21827339fe687148f2590cfa1"
  integrity sha512-5kQAP21hAkfW5Bl+e0P57dV4dGYnkNIpR7f/GAh6QHlgXx+vp/teVj4PGRZaKAvt0GX6++N6hF8NnGElLDuIDw==

"@lmdb/lmdb-linux-x64@2.5.2":
  version "2.5.2"
  resolved "https://registry.yarnpkg.com/@lmdb/lmdb-linux-x64/-/lmdb-linux-x64-2.5.2.tgz#d2f85afd857d2c33d2caa5b057944574edafcfee"
  integrity sha512-xUdUfwDJLGjOUPH3BuPBt0NlIrR7f/QHKgu3GZIXswMMIihAekj2i97oI0iWG5Bok/b+OBjHPfa8IU9velnP/Q==

"@lmdb/lmdb-win32-x64@2.5.2":
  version "2.5.2"
  resolved "https://registry.yarnpkg.com/@lmdb/lmdb-win32-x64/-/lmdb-win32-x64-2.5.2.tgz#28f643fbc0bec30b07fbe95b137879b6b4d1c9c5"
  integrity sha512-zrBczSbXKxEyK2ijtbRdICDygRqWSRPpZMN5dD1T8VMEW5RIhIbwFWw2phDRXuBQdVDpSjalCIUMWMV2h3JaZA==

"@mischnic/json-sourcemap@^0.1.0":
  version "0.1.0"
  resolved "https://registry.yarnpkg.com/@mischnic/json-sourcemap/-/json-sourcemap-0.1.0.tgz#38af657be4108140a548638267d02a2ea3336507"
  integrity sha512-dQb3QnfNqmQNYA4nFSN/uLaByIic58gOXq4Y4XqLOWmOrw73KmJPt/HLyG0wvn1bnR6mBKs/Uwvkh+Hns1T0XA==
  dependencies:
    "@lezer/common" "^0.15.7"
    "@lezer/lr" "^0.15.4"
    json5 "^2.2.1"

"@msgpackr-extract/msgpackr-extract-darwin-arm64@2.1.2":
  version "2.1.2"
  resolved "https://registry.yarnpkg.com/@msgpackr-extract/msgpackr-extract-darwin-arm64/-/msgpackr-extract-darwin-arm64-2.1.2.tgz#9571b87be3a3f2c46de05585470bc4f3af2f6f00"
  integrity sha512-TyVLn3S/+ikMDsh0gbKv2YydKClN8HaJDDpONlaZR+LVJmsxLFUgA+O7zu59h9+f9gX1aj/ahw9wqa6rosmrYQ==

"@msgpackr-extract/msgpackr-extract-darwin-x64@2.1.2":
  version "2.1.2"
  resolved "https://registry.yarnpkg.com/@msgpackr-extract/msgpackr-extract-darwin-x64/-/msgpackr-extract-darwin-x64-2.1.2.tgz#bfbc6936ede2955218f5621a675679a5fe8e6f4c"
  integrity sha512-YPXtcVkhmVNoMGlqp81ZHW4dMxK09msWgnxtsDpSiZwTzUBG2N+No2bsr7WMtBKCVJMSD6mbAl7YhKUqkp/Few==

"@msgpackr-extract/msgpackr-extract-linux-arm64@2.1.2":
  version "2.1.2"
  resolved "https://registry.yarnpkg.com/@msgpackr-extract/msgpackr-extract-linux-arm64/-/msgpackr-extract-linux-arm64-2.1.2.tgz#22555e28382af2922e7450634c8a2f240bb9eb82"
  integrity sha512-vHZ2JiOWF2+DN9lzltGbhtQNzDo8fKFGrf37UJrgqxU0yvtERrzUugnfnX1wmVfFhSsF8OxrfqiNOUc5hko1Zg==

"@msgpackr-extract/msgpackr-extract-linux-arm@2.1.2":
  version "2.1.2"
  resolved "https://registry.yarnpkg.com/@msgpackr-extract/msgpackr-extract-linux-arm/-/msgpackr-extract-linux-arm-2.1.2.tgz#ffb6ae1beea7ac572b6be6bf2a8e8162ebdd8be7"
  integrity sha512-42R4MAFeIeNn+L98qwxAt360bwzX2Kf0ZQkBBucJ2Ircza3asoY4CDbgiu9VWklq8gWJVSJSJBwDI+c/THiWkA==

"@msgpackr-extract/msgpackr-extract-linux-x64@2.1.2":
  version "2.1.2"
  resolved "https://registry.yarnpkg.com/@msgpackr-extract/msgpackr-extract-linux-x64/-/msgpackr-extract-linux-x64-2.1.2.tgz#7caf62eebbfb1345de40f75e89666b3d4194755f"
  integrity sha512-RjRoRxg7Q3kPAdUSC5EUUPlwfMkIVhmaRTIe+cqHbKrGZ4M6TyCA/b5qMaukQ/1CHWrqYY2FbKOAU8Hg0pQFzg==

"@msgpackr-extract/msgpackr-extract-win32-x64@2.1.2":
  version "2.1.2"
  resolved "https://registry.yarnpkg.com/@msgpackr-extract/msgpackr-extract-win32-x64/-/msgpackr-extract-win32-x64-2.1.2.tgz#f2d8b9ddd8d191205ed26ce54aba3dfc5ae3e7c9"
  integrity sha512-rIZVR48zA8hGkHIK7ED6+ZiXsjRCcAVBJbm8o89OKAMTmEAQ2QvoOxoiu3w2isAaWwzgtQIOFIqHwvZDyLKCvw==

"@parcel/cache@2.7.0":
  version "2.7.0"
  resolved "https://registry.yarnpkg.com/@parcel/cache/-/cache-2.7.0.tgz#cc4b99685c7ff0fc20fbc321f4b6850d6e0c6811"
  integrity sha512-JlXNoZXcWzLKdDlfeF3dIj5Vtel5T9vtdBN72PJ+cjC4qNHk4Uwvc5sfOBELuibGN0bVu2bwY9nUgSwCiB1iIA==
  dependencies:
    "@parcel/fs" "2.7.0"
    "@parcel/logger" "2.7.0"
    "@parcel/utils" "2.7.0"
    lmdb "2.5.2"

"@parcel/codeframe@2.7.0":
  version "2.7.0"
  resolved "https://registry.yarnpkg.com/@parcel/codeframe/-/codeframe-2.7.0.tgz#b6e4ad6100938edbed1b6c72b37f609e1abaf931"
  integrity sha512-UTKx0jejJmmO1dwTHSJuRgrO8N6PMlkxRT6sew8N6NC3Bgv6pu0EbO+RtlWt/jCvzcdLOPdIoTzj4MMZvgcMYg==
  dependencies:
    chalk "^4.1.0"

"@parcel/diagnostic@2.7.0":
  version "2.7.0"
  resolved "https://registry.yarnpkg.com/@parcel/diagnostic/-/diagnostic-2.7.0.tgz#cf2596a20ce9277334616e12bbdac98490189e99"
  integrity sha512-pdq/cTwVoL0n8yuDCRXFRSQHVWdmmIXPt3R3iT4KtYDYvOrMT2dLPT79IMqQkhYPANW8GuL15n/WxRngfRdkug==
  dependencies:
    "@mischnic/json-sourcemap" "^0.1.0"
    nullthrows "^1.1.1"

"@parcel/events@2.7.0":
  version "2.7.0"
  resolved "https://registry.yarnpkg.com/@parcel/events/-/events-2.7.0.tgz#b6db8464d45626686134d412d3a36d024ffb1482"
  integrity sha512-kQDwMKgZ1U4M/G17qeDYF6bW5kybluN6ajYPc7mZcrWg+trEI/oXi81GMFaMX0BSUhwhbiN5+/Vb2wiG/Sn6ig==

"@parcel/fs-search@2.7.0":
  version "2.7.0"
  resolved "https://registry.yarnpkg.com/@parcel/fs-search/-/fs-search-2.7.0.tgz#15e658006039ddc7b92528df5266ee2b9c47b6a4"
  integrity sha512-K1Hv25bnRpwQVA15RvcRuB8ZhfclnCHA8N8L6w7Ul1ncSJDxCIkIAc5hAubYNNYW3kWjCC2SOaEgFKnbvMllEQ==
  dependencies:
    detect-libc "^1.0.3"

"@parcel/fs@2.7.0":
  version "2.7.0"
  resolved "https://registry.yarnpkg.com/@parcel/fs/-/fs-2.7.0.tgz#c9a0c60bdbef7101ff47f2db6b23814c3db06007"
  integrity sha512-PU5fo4Hh8y03LZgemgVREttc0wyHQUNmsJCybxTB7EjJie2CqJRumo+DFppArlvdchLwJdc9em03yQV/GNWrEg==
  dependencies:
    "@parcel/fs-search" "2.7.0"
    "@parcel/types" "2.7.0"
    "@parcel/utils" "2.7.0"
    "@parcel/watcher" "^2.0.0"
    "@parcel/workers" "2.7.0"

"@parcel/hash@2.7.0":
  version "2.7.0"
  resolved "https://registry.yarnpkg.com/@parcel/hash/-/hash-2.7.0.tgz#8825cff69a0bc4816737415e6e2aa29e8671c0b1"
  integrity sha512-k6bSKnIlPJMPU3yjQzfgfvF9zuJZGOAlJgzpL4BbWvdbE8BTdjzLcFn0Ujrtud94EgIkiXd22sC2HpCUWoHGdA==
  dependencies:
    detect-libc "^1.0.3"
    xxhash-wasm "^0.4.2"

"@parcel/logger@2.7.0":
  version "2.7.0"
  resolved "https://registry.yarnpkg.com/@parcel/logger/-/logger-2.7.0.tgz#1aa1de0458bdd613714ce4031134d92135aec590"
  integrity sha512-qjMY/bYo38+o+OiIrTRldU9CwL1E7J72t+xkTP8QIcUxLWz5LYR0YbynZUVulmBSfqsykjjxCy4a+8siVr+lPw==
  dependencies:
    "@parcel/diagnostic" "2.7.0"
    "@parcel/events" "2.7.0"

"@parcel/markdown-ansi@2.7.0":
  version "2.7.0"
  resolved "https://registry.yarnpkg.com/@parcel/markdown-ansi/-/markdown-ansi-2.7.0.tgz#4ba70e3661ce06cd8fd2eb3f7b84028853a586e4"
  integrity sha512-ipOX0D6FVZFEXeb/z8MnTMq2RQEIuaILY90olVIuHEFLHHfOPEn+RK3u13HA1ChF5/9E3cMD79tu6x9JL9Kqag==
  dependencies:
    chalk "^4.1.0"

"@parcel/package-manager@2.7.0":
  version "2.7.0"
  resolved "https://registry.yarnpkg.com/@parcel/package-manager/-/package-manager-2.7.0.tgz#5de1bf5c94d95330e98dffb2a66c22d1f20c4c8a"
  integrity sha512-wmfSX1mRrTi8MeA4KrnPk/x7zGUsILCQmTo6lA4gygzAxDbM1pGuyFN8/Kt0y0SFO2lbljARtD/4an5qdotH+Q==
  dependencies:
    "@parcel/diagnostic" "2.7.0"
    "@parcel/fs" "2.7.0"
    "@parcel/logger" "2.7.0"
    "@parcel/types" "2.7.0"
    "@parcel/utils" "2.7.0"
    "@parcel/workers" "2.7.0"
    semver "^5.7.1"

"@parcel/plugin@2.7.0":
  version "2.7.0"
  resolved "https://registry.yarnpkg.com/@parcel/plugin/-/plugin-2.7.0.tgz#0211281025d02afbc5a23fba237b7aae02e34e51"
  integrity sha512-qqgx+nnMn6/0lRc4lKbLGmhNtBiT93S2gFNB4Eb4Pfz/SxVYoW+fmml+KdfOSiZffWOAH5L6NwhyD7N8aSikzw==
  dependencies:
    "@parcel/types" "2.7.0"

"@parcel/source-map@^2.0.0":
  version "2.1.1"
  resolved "https://registry.yarnpkg.com/@parcel/source-map/-/source-map-2.1.1.tgz#fb193b82dba6dd62cc7a76b326f57bb35000a782"
  integrity sha512-Ejx1P/mj+kMjQb8/y5XxDUn4reGdr+WyKYloBljpppUy8gs42T+BNoEOuRYqDVdgPc6NxduzIDoJS9pOFfV5Ew==
  dependencies:
    detect-libc "^1.0.3"

"@parcel/transformer-sass@2.7.0":
  version "2.7.0"
  resolved "https://registry.yarnpkg.com/@parcel/transformer-sass/-/transformer-sass-2.7.0.tgz#651b7a88bbc1ef452ace90ccb0883c1ad8cff721"
  integrity sha512-6m2T6Y5eQLX7ckIeuOjXXIZbzhyovnl69AvJ2FujoWb2nA55H/kg6ZdbKjo3CfXkOfg9LyG3nVnOE5PMgMpRFQ==
  dependencies:
    "@parcel/plugin" "2.7.0"
    "@parcel/source-map" "^2.0.0"
    sass "^1.38.0"

"@parcel/types@2.7.0":
  version "2.7.0"
  resolved "https://registry.yarnpkg.com/@parcel/types/-/types-2.7.0.tgz#c89e95964339324c1931ef7a17906a72291d6b73"
  integrity sha512-+dhXVUnseTCpJvBTGMp0V6X13z6O/A/+CUtwEpMGZ8XSmZ4Gk44GvaTiBOp0bJpWG4fvCKp+UmC8PYbrDiiziw==
  dependencies:
    "@parcel/cache" "2.7.0"
    "@parcel/diagnostic" "2.7.0"
    "@parcel/fs" "2.7.0"
    "@parcel/package-manager" "2.7.0"
    "@parcel/source-map" "^2.0.0"
    "@parcel/workers" "2.7.0"
    utility-types "^3.10.0"

"@parcel/utils@2.7.0":
  version "2.7.0"
  resolved "https://registry.yarnpkg.com/@parcel/utils/-/utils-2.7.0.tgz#f795d0f43efdd449ab0bbfac3632cd7f3ec0e4dd"
  integrity sha512-jNZ5bIGg1r1RDRKi562o4kuVwnz+XJ2Ie3b0Zwrqwvgfj6AbRFIKzDd+h85dWWmcDYzKUbHp11u6VJl1u8Vapg==
  dependencies:
    "@parcel/codeframe" "2.7.0"
    "@parcel/diagnostic" "2.7.0"
    "@parcel/hash" "2.7.0"
    "@parcel/logger" "2.7.0"
    "@parcel/markdown-ansi" "2.7.0"
    "@parcel/source-map" "^2.0.0"
    chalk "^4.1.0"

"@parcel/watcher@^2.0.0":
  version "2.0.5"
  resolved "https://registry.yarnpkg.com/@parcel/watcher/-/watcher-2.0.5.tgz#f913a54e1601b0aac972803829b0eece48de215b"
  integrity sha512-x0hUbjv891omnkcHD7ZOhiyyUqUUR6MNjq89JhEI3BxppeKWAm6NPQsqqRrAkCJBogdT/o/My21sXtTI9rJIsw==
  dependencies:
    node-addon-api "^3.2.1"
    node-gyp-build "^4.3.0"

"@parcel/workers@2.7.0":
  version "2.7.0"
  resolved "https://registry.yarnpkg.com/@parcel/workers/-/workers-2.7.0.tgz#d74955d361337127227912a5ab26cb3079ebfc78"
  integrity sha512-99VfaOX+89+RaoTSyH9ZQtkMBFZBFMvJmVJ/GeJT6QCd2wtKBStTHlaSnQOkLD/iRjJCNwV2xpZmm8YkTwV+hg==
  dependencies:
    "@parcel/diagnostic" "2.7.0"
    "@parcel/logger" "2.7.0"
    "@parcel/types" "2.7.0"
    "@parcel/utils" "2.7.0"
    chrome-trace-event "^1.0.2"
    nullthrows "^1.1.1"

ansi-styles@^4.1.0:
  version "4.3.0"
  resolved "https://registry.yarnpkg.com/ansi-styles/-/ansi-styles-4.3.0.tgz#edd803628ae71c04c85ae7a0906edad34b648937"
  integrity sha512-zbB9rCJAT1rbjiVDb2hqKFHNYLxgtk8NURxZ3IZwD3F6NtxbXZQCnnSi1Lkx+IDohdPlFp222wVALIheZJQSEg==
  dependencies:
    color-convert "^2.0.1"

anymatch@~3.1.2:
  version "3.1.2"
  resolved "https://registry.yarnpkg.com/anymatch/-/anymatch-3.1.2.tgz#c0557c096af32f106198f4f4e2a383537e378716"
  integrity sha512-P43ePfOAIupkguHUycrc4qJ9kz8ZiuOUijaETwX7THt0Y/GNK7v0aa8rY816xWjZ7rJdA5XdMcpVFTKMq+RvWg==
  dependencies:
    normalize-path "^3.0.0"
    picomatch "^2.0.4"

binary-extensions@^2.0.0:
  version "2.2.0"
  resolved "https://registry.yarnpkg.com/binary-extensions/-/binary-extensions-2.2.0.tgz#75f502eeaf9ffde42fc98829645be4ea76bd9e2d"
  integrity sha512-jDctJ/IVQbZoJykoeHbhXpOlNBqGNcwXJKJog42E5HDPUwQTSdjCHdihjj0DlnheQ7blbT6dHOafNAiS8ooQKA==

braces@~3.0.2:
  version "3.0.2"
  resolved "https://registry.yarnpkg.com/braces/-/braces-3.0.2.tgz#3454e1a462ee8d599e236df336cd9ea4f8afe107"
  integrity sha512-b8um+L1RzM3WDSzvhm6gIz1yfTbBt6YTlcEKAvsmqCZZFw46z626lVj9j1yEPW33H5H+lBQpZMP1k8l+78Ha0A==
  dependencies:
    fill-range "^7.0.1"

chalk@^4.1.0:
  version "4.1.2"
  resolved "https://registry.yarnpkg.com/chalk/-/chalk-4.1.2.tgz#aac4e2b7734a740867aeb16bf02aad556a1e7a01"
  integrity sha512-oKnbhFyRIXpUuez8iBMmyEa4nbj4IOQyuhc/wy9kY7/WVPcwIO9VA668Pu8RkO7+0G76SLROeyw9CpQ061i4mA==
  dependencies:
    ansi-styles "^4.1.0"
    supports-color "^7.1.0"

"chokidar@>=3.0.0 <4.0.0":
  version "3.5.3"
  resolved "https://registry.yarnpkg.com/chokidar/-/chokidar-3.5.3.tgz#1cf37c8707b932bd1af1ae22c0432e2acd1903bd"
  integrity sha512-Dr3sfKRP6oTcjf2JmUmFJfeVMvXBdegxB0iVQ5eb2V10uFJUCAS8OByZdVAyVb8xXNz3GjjTgj9kLWsZTqE6kw==
  dependencies:
    anymatch "~3.1.2"
    braces "~3.0.2"
    glob-parent "~5.1.2"
    is-binary-path "~2.1.0"
    is-glob "~4.0.1"
    normalize-path "~3.0.0"
    readdirp "~3.6.0"
  optionalDependencies:
    fsevents "~2.3.2"

chrome-trace-event@^1.0.2:
  version "1.0.3"
  resolved "https://registry.yarnpkg.com/chrome-trace-event/-/chrome-trace-event-1.0.3.tgz#1015eced4741e15d06664a957dbbf50d041e26ac"
  integrity sha512-p3KULyQg4S7NIHixdwbGX+nFHkoBiA4YQmyWtjb8XngSKV124nJmRysgAeujbUVb15vh+RvFUfCPqU7rXk+hZg==

color-convert@^2.0.1:
  version "2.0.1"
  resolved "https://registry.yarnpkg.com/color-convert/-/color-convert-2.0.1.tgz#72d3a68d598c9bdb3af2ad1e84f21d896abd4de3"
  integrity sha512-RRECPsj7iu/xb5oKYcsFHSppFNnsj/52OVTRKb4zP5onXwVF3zVmmToNcOfGC+CRDpfK/U584fMg38ZHCaElKQ==
  dependencies:
    color-name "~1.1.4"

color-name@~1.1.4:
  version "1.1.4"
  resolved "https://registry.yarnpkg.com/color-name/-/color-name-1.1.4.tgz#c2a09a87acbde69543de6f63fa3995c826c536a2"
  integrity sha512-dOy+3AuW3a2wNbZHIuMZpTcgjGuLU/uBL/ubcZF9OXbDo8ff4O8yVp5Bf0efS8uEoYo5q4Fx7dY9OgQGXgAsQA==

detect-libc@^1.0.3:
  version "1.0.3"
  resolved "https://registry.yarnpkg.com/detect-libc/-/detect-libc-1.0.3.tgz#fa137c4bd698edf55cd5cd02ac559f91a4c4ba9b"
  integrity sha512-pGjwhsmsp4kL2RTz08wcOlGN83otlqHeD/Z5T8GXZB+/YcpQ/dgo+lbU8ZsGxV0HIvqqxo9l7mqYwyYMD9bKDg==

fill-range@^7.0.1:
  version "7.0.1"
  resolved "https://registry.yarnpkg.com/fill-range/-/fill-range-7.0.1.tgz#1919a6a7c75fe38b2c7c77e5198535da9acdda40"
  integrity sha512-qOo9F+dMUmC2Lcb4BbVvnKJxTPjCm+RRpe4gDuGrzkL7mEVl/djYSu2OdQ2Pa302N4oqkSg9ir6jaLWJ2USVpQ==
  dependencies:
    to-regex-range "^5.0.1"

fsevents@~2.3.2:
  version "2.3.2"
  resolved "https://registry.yarnpkg.com/fsevents/-/fsevents-2.3.2.tgz#8a526f78b8fdf4623b709e0b975c52c24c02fd1a"
  integrity sha512-xiqMQR4xAeHTuB9uWm+fFRcIOgKBMiOBP+eXiyT7jsgVCq1bkVygt00oASowB7EdtpOHaaPgKt812P9ab+DDKA==

glob-parent@~5.1.2:
  version "5.1.2"
  resolved "https://registry.yarnpkg.com/glob-parent/-/glob-parent-5.1.2.tgz#869832c58034fe68a4093c17dc15e8340d8401c4"
  integrity sha512-AOIgSQCepiJYwP3ARnGx+5VnTu2HBYdzbGP45eLw1vr3zB3vZLeyed1sC9hnbcOc9/SrMyM5RPQrkGz4aS9Zow==
  dependencies:
    is-glob "^4.0.1"

has-flag@^4.0.0:
  version "4.0.0"
  resolved "https://registry.yarnpkg.com/has-flag/-/has-flag-4.0.0.tgz#944771fd9c81c81265c4d6941860da06bb59479b"
  integrity sha512-EykJT/Q1KjTWctppgIAgfSO0tKVuZUjhgMr17kqTumMl6Afv3EISleU7qZUzoXDFTAHTDC4NOoG/ZxU3EvlMPQ==

immutable@^4.0.0:
  version "4.1.0"
  resolved "https://registry.yarnpkg.com/immutable/-/immutable-4.1.0.tgz#f795787f0db780183307b9eb2091fcac1f6fafef"
  integrity sha512-oNkuqVTA8jqG1Q6c+UglTOD1xhC1BtjKI7XkCXRkZHrN5m18/XsnUp8Q89GkQO/z+0WjonSvl0FLhDYftp46nQ==

is-binary-path@~2.1.0:
  version "2.1.0"
  resolved "https://registry.yarnpkg.com/is-binary-path/-/is-binary-path-2.1.0.tgz#ea1f7f3b80f064236e83470f86c09c254fb45b09"
  integrity sha512-ZMERYes6pDydyuGidse7OsHxtbI7WVeUEozgR/g7rd0xUimYNlvZRE/K2MgZTjWy725IfelLeVcEM97mmtRGXw==
  dependencies:
    binary-extensions "^2.0.0"

is-extglob@^2.1.1:
  version "2.1.1"
  resolved "https://registry.yarnpkg.com/is-extglob/-/is-extglob-2.1.1.tgz#a88c02535791f02ed37c76a1b9ea9773c833f8c2"
  integrity sha512-SbKbANkN603Vi4jEZv49LeVJMn4yGwsbzZworEoyEiutsN3nJYdbO36zfhGJ6QEDpOZIFkDtnq5JRxmvl3jsoQ==

is-glob@^4.0.1, is-glob@~4.0.1:
  version "4.0.3"
  resolved "https://registry.yarnpkg.com/is-glob/-/is-glob-4.0.3.tgz#64f61e42cbbb2eec2071a9dac0b28ba1e65d5084"
  integrity sha512-xelSayHH36ZgE7ZWhli7pW34hNbNl8Ojv5KVmkJD4hBdD3th8Tfk9vYasLM+mXWOZhFkgZfxhLSnrwRr4elSSg==
  dependencies:
    is-extglob "^2.1.1"

is-number@^7.0.0:
  version "7.0.0"
  resolved "https://registry.yarnpkg.com/is-number/-/is-number-7.0.0.tgz#7535345b896734d5f80c4d06c50955527a14f12b"
  integrity sha512-41Cifkg6e8TylSpdtTpeLVMqvSBEVzTttHvERD741+pnZ8ANv0004MRL43QKPDlK9cGvNp6NZWZUBlbGXYxxng==

json5@^2.2.1:
  version "2.2.1"
  resolved "https://registry.yarnpkg.com/json5/-/json5-2.2.1.tgz#655d50ed1e6f95ad1a3caababd2b0efda10b395c"
  integrity sha512-1hqLFMSrGHRHxav9q9gNjJ5EXznIxGVO09xQRrwplcS8qs28pZ8s8hupZAmqDwZUmVZ2Qb2jnyPOWcDH8m8dlA==

lmdb@2.5.2:
  version "2.5.2"
  resolved "https://registry.yarnpkg.com/lmdb/-/lmdb-2.5.2.tgz#37e28a9fb43405f4dc48c44cec0e13a14c4a6ff1"
  integrity sha512-V5V5Xa2Hp9i2XsbDALkBTeHXnBXh/lEmk9p22zdr7jtuOIY9TGhjK6vAvTpOOx9IKU4hJkRWZxn/HsvR1ELLtA==
  dependencies:
    msgpackr "^1.5.4"
    node-addon-api "^4.3.0"
    node-gyp-build-optional-packages "5.0.3"
    ordered-binary "^1.2.4"
    weak-lru-cache "^1.2.2"
  optionalDependencies:
    "@lmdb/lmdb-darwin-arm64" "2.5.2"
    "@lmdb/lmdb-darwin-x64" "2.5.2"
    "@lmdb/lmdb-linux-arm" "2.5.2"
    "@lmdb/lmdb-linux-arm64" "2.5.2"
    "@lmdb/lmdb-linux-x64" "2.5.2"
    "@lmdb/lmdb-win32-x64" "2.5.2"

msgpackr-extract@^2.1.2:
  version "2.1.2"
  resolved "https://registry.yarnpkg.com/msgpackr-extract/-/msgpackr-extract-2.1.2.tgz#56272030f3e163e1b51964ef8b1cd5e7240c03ed"
  integrity sha512-cmrmERQFb19NX2JABOGtrKdHMyI6RUyceaPBQ2iRz9GnDkjBWFjNJC0jyyoOfZl2U/LZE3tQCCQc4dlRyA8mcA==
  dependencies:
    node-gyp-build-optional-packages "5.0.3"
  optionalDependencies:
    "@msgpackr-extract/msgpackr-extract-darwin-arm64" "2.1.2"
    "@msgpackr-extract/msgpackr-extract-darwin-x64" "2.1.2"
    "@msgpackr-extract/msgpackr-extract-linux-arm" "2.1.2"
    "@msgpackr-extract/msgpackr-extract-linux-arm64" "2.1.2"
    "@msgpackr-extract/msgpackr-extract-linux-x64" "2.1.2"
    "@msgpackr-extract/msgpackr-extract-win32-x64" "2.1.2"

msgpackr@^1.5.4:
  version "1.7.2"
  resolved "https://registry.yarnpkg.com/msgpackr/-/msgpackr-1.7.2.tgz#68d6debf5999d6b61abb6e7046a689991ebf7261"
  integrity sha512-mWScyHTtG6TjivXX9vfIy2nBtRupaiAj0HQ2mtmpmYujAmqZmaaEVPaSZ1NKLMvicaMLFzEaMk0ManxMRg8rMQ==
  optionalDependencies:
    msgpackr-extract "^2.1.2"

node-addon-api@^3.2.1:
  version "3.2.1"
  resolved "https://registry.yarnpkg.com/node-addon-api/-/node-addon-api-3.2.1.tgz#81325e0a2117789c0128dab65e7e38f07ceba161"
  integrity sha512-mmcei9JghVNDYydghQmeDX8KoAm0FAiYyIcUt/N4nhyAipB17pllZQDOJD2fotxABnt4Mdz+dKTO7eftLg4d0A==

node-addon-api@^4.3.0:
  version "4.3.0"
  resolved "https://registry.yarnpkg.com/node-addon-api/-/node-addon-api-4.3.0.tgz#52a1a0b475193e0928e98e0426a0d1254782b77f"
  integrity sha512-73sE9+3UaLYYFmDsFZnqCInzPyh3MqIwZO9cw58yIqAZhONrrabrYyYe3TuIqtIiOuTXVhsGau8hcrhhwSsDIQ==

node-gyp-build-optional-packages@5.0.3:
  version "5.0.3"
  resolved "https://registry.yarnpkg.com/node-gyp-build-optional-packages/-/node-gyp-build-optional-packages-5.0.3.tgz#92a89d400352c44ad3975010368072b41ad66c17"
  integrity sha512-k75jcVzk5wnnc/FMxsf4udAoTEUv2jY3ycfdSd3yWu6Cnd1oee6/CfZJApyscA4FJOmdoixWwiwOyf16RzD5JA==

node-gyp-build@^4.3.0:
  version "4.5.0"
  resolved "https://registry.yarnpkg.com/node-gyp-build/-/node-gyp-build-4.5.0.tgz#7a64eefa0b21112f89f58379da128ac177f20e40"
  integrity sha512-2iGbaQBV+ITgCz76ZEjmhUKAKVf7xfY1sRl4UiKQspfZMH2h06SyhNsnSVy50cwkFQDGLyif6m/6uFXHkOZ6rg==

normalize-path@^3.0.0, normalize-path@~3.0.0:
  version "3.0.0"
  resolved "https://registry.yarnpkg.com/normalize-path/-/normalize-path-3.0.0.tgz#0dcd69ff23a1c9b11fd0978316644a0388216a65"
  integrity sha512-6eZs5Ls3WtCisHWp9S2GUy8dqkpGi4BVSz3GaqiE6ezub0512ESztXUwUB6C6IKbQkY2Pnb/mD4WYojCRwcwLA==

nullthrows@^1.1.1:
  version "1.1.1"
  resolved "https://registry.yarnpkg.com/nullthrows/-/nullthrows-1.1.1.tgz#7818258843856ae971eae4208ad7d7eb19a431b1"
  integrity sha512-2vPPEi+Z7WqML2jZYddDIfy5Dqb0r2fze2zTxNNknZaFpVHU3mFB3R+DWeJWGVx0ecvttSGlJTI+WG+8Z4cDWw==

ordered-binary@^1.2.4:
  version "1.4.0"
  resolved "https://registry.yarnpkg.com/ordered-binary/-/ordered-binary-1.4.0.tgz#6bb53d44925f3b8afc33d1eed0fa15693b211389"
  integrity sha512-EHQ/jk4/a9hLupIKxTfUsQRej1Yd/0QLQs3vGvIqg5ZtCYSzNhkzHoZc7Zf4e4kUlDaC3Uw8Q/1opOLNN2OKRQ==

picomatch@^2.0.4, picomatch@^2.2.1:
  version "2.3.1"
  resolved "https://registry.yarnpkg.com/picomatch/-/picomatch-2.3.1.tgz#3ba3833733646d9d3e4995946c1365a67fb07a42"
  integrity sha512-JU3teHTNjmE2VCGFzuY8EXzCDVwEqB2a8fsIvwaStHhAWJEeVd1o1QD80CU6+ZdEXXSLbSsuLwJjkCBWqRQUVA==

readdirp@~3.6.0:
  version "3.6.0"
  resolved "https://registry.yarnpkg.com/readdirp/-/readdirp-3.6.0.tgz#74a370bd857116e245b29cc97340cd431a02a6c7"
  integrity sha512-hOS089on8RduqdbhvQ5Z37A0ESjsqz6qnRcffsMU3495FuTdqSm+7bhJ29JvIOsBDEEnan5DPu9t3To9VRlMzA==
  dependencies:
    picomatch "^2.2.1"

sass@^1.38.0:
  version "1.55.0"
  resolved "https://registry.yarnpkg.com/sass/-/sass-1.55.0.tgz#0c4d3c293cfe8f8a2e8d3b666e1cf1bff8065d1c"
  integrity sha512-Pk+PMy7OGLs9WaxZGJMn7S96dvlyVBwwtToX895WmCpAOr5YiJYEUJfiJidMuKb613z2xNWcXCHEuOvjZbqC6A==
  dependencies:
    chokidar ">=3.0.0 <4.0.0"
    immutable "^4.0.0"
    source-map-js ">=0.6.2 <2.0.0"

semver@^5.7.1:
  version "5.7.1"
  resolved "https://registry.yarnpkg.com/semver/-/semver-5.7.1.tgz#a954f931aeba508d307bbf069eff0c01c96116f7"
  integrity sha512-sauaDf/PZdVgrLTNYHRtpXa1iRiKcaebiKQ1BJdpQlWH2lCvexQdX55snPFyK7QzpudqbCI0qXFfOasHdyNDGQ==

"source-map-js@>=0.6.2 <2.0.0":
  version "1.0.2"
  resolved "https://registry.yarnpkg.com/source-map-js/-/source-map-js-1.0.2.tgz#adbc361d9c62df380125e7f161f71c826f1e490c"
  integrity sha512-R0XvVJ9WusLiqTCEiGCmICCMplcCkIwwR11mOSD9CR5u+IXYdiseeEuXCVAjS54zqwkLcPNnmU4OeJ6tUrWhDw==

supports-color@^7.1.0:
  version "7.2.0"
  resolved "https://registry.yarnpkg.com/supports-color/-/supports-color-7.2.0.tgz#1b7dcdcb32b8138801b3e478ba6a51caa89648da"
  integrity sha512-qpCAvRl9stuOHveKsn7HncJRvv501qIacKzQlO/+Lwxc9+0q2wLyv4Dfvt80/DPn2pqOBsJdDiogXGR9+OvwRw==
  dependencies:
    has-flag "^4.0.0"

to-regex-range@^5.0.1:
  version "5.0.1"
  resolved "https://registry.yarnpkg.com/to-regex-range/-/to-regex-range-5.0.1.tgz#1648c44aae7c8d988a326018ed72f5b4dd0392e4"
  integrity sha512-65P7iz6X5yEr1cwcgvQxbbIw7Uk3gOy5dIdtZ4rDveLqhrdJP+Li/Hx6tyK0NEb+2GCyneCMJiGqrADCSNk8sQ==
  dependencies:
    is-number "^7.0.0"

utility-types@^3.10.0:
  version "3.10.0"
  resolved "https://registry.yarnpkg.com/utility-types/-/utility-types-3.10.0.tgz#ea4148f9a741015f05ed74fd615e1d20e6bed82b"
  integrity sha512-O11mqxmi7wMKCo6HKFt5AhO4BwY3VV68YU07tgxfz8zJTIxr4BpsezN49Ffwy9j3ZpwwJp4fkRwjRzq3uWE6Rg==

weak-lru-cache@^1.2.2:
  version "1.2.2"
  resolved "https://registry.yarnpkg.com/weak-lru-cache/-/weak-lru-cache-1.2.2.tgz#fdbb6741f36bae9540d12f480ce8254060dccd19"
  integrity sha512-DEAoo25RfSYMuTGc9vPJzZcZullwIqRDSI9LOy+fkCJPi6hykCnfKaXTuPBDuXAUcqHXyOgFtHNp/kB2FjYHbw==

xxhash-wasm@^0.4.2:
  version "0.4.2"
  resolved "https://registry.yarnpkg.com/xxhash-wasm/-/xxhash-wasm-0.4.2.tgz#752398c131a4dd407b5132ba62ad372029be6f79"
  integrity sha512-/eyHVRJQCirEkSZ1agRSCwriMhwlyUcFkXD5TPVSLP+IPzjsqMVzZwdoczLp1SoQU0R3dxz1RpIK+4YNQbCVOA==
